
Microsoft Visual Studio Solution File, Format Version 12.00
# Visual Studio 2012
Project("{FAE04EC0-301F-11D3-BF4B-00C04F79EFBC}") = "prjQLPMService", "prjQLPMService\prjQLPMService.csproj", "{C8ED8967-ECF3-457C-8480-4D86E1F203F4}"
EndProject
Project("{FAE04EC0-301F-11D3-BF4B-00C04F79EFBC}") = "prjDB", "prjDB\prjDB.csproj", "{0F2DFDBF-C98E-4E39-B855-F64778B0D920}"
EndProject
Global
	GlobalSection(SolutionConfigurationPlatforms) = preSolution
		Debug|Any CPU = Debug|Any CPU
		Release|Any CPU = Release|Any CPU
	EndGlobalSection
	GlobalSection(ProjectConfigurationPlatforms) = postSolution
		{C8ED8967-ECF3-457C-8480-4D86E1F203F4}.Debug|Any CPU.ActiveCfg = Debug|Any CPU
		{C8ED8967-ECF3-457C-8480-4D86E1F203F4}.Debug|Any CPU.Build.0 = Debug|Any CPU
		{C8ED8967-ECF3-457C-8480-4D86E1F203F4}.Release|Any CPU.ActiveCfg = Release|Any CPU
		{C8ED8967-ECF3-457C-8480-4D86E1F203F4}.Release|Any CPU.Build.0 = Release|Any CPU
		{0F2DFDBF-C98E-4E39-B855-F64778B0D920}.Debug|Any CPU.ActiveCfg = Debug|Any CPU
		{0F2DFDBF-C98E-4E39-B855-F64778B0D920}.Debug|Any CPU.Build.0 = Debug|Any CPU
		{0F2DFDBF-C98E-4E39-B855-F64778B0D920}.Release|Any CPU.ActiveCfg = Release|Any CPU
		{0F2DFDBF-C98E-4E39-B855-F64778B0D920}.Release|Any CPU.Build.0 = Release|Any CPU
	EndGlobalSection
	GlobalSection(SolutionProperties) = preSolution
		HideSolutionNode = FALSE
	EndGlobalSection
EndGlobal
